PODS:
  - Alamofire (5.4.1)
  - naveridlogin-sdk-ios (4.1.3)
  - SnapKit (5.0.1)

DEPENDENCIES:
  - Alamofire
  - naveridlogin-sdk-ios
  - SnapKit

SPEC REPOS:
  trunk:
    - Alamofire
    - naveridlogin-sdk-ios
    - SnapKit

SPEC CHECKSUMS:
  Alamofire: 2291f7d21ca607c491dd17642e5d40fdcda0e65c
  naveridlogin-sdk-ios: b9d7c20677981177ed994ecb1c8c2b49f223277d
  SnapKit: 97b92857e3df3a0c71833cce143274bf6ef8e5eb

PODFILE CHECKSUM: 4dd214434278266c4f20c49f7f4c1746fd0abe52

COCOAPODS: 1.10.0
