// !$*UTF8*$!
{
	archiveVersion = 1;
	classes = {
	};
	objectVersion = 51;
	objects = {

/* Begin PBXBuildFile section */
		3B066B4C25A2375E002100A9 /* HomeViewController.swift in Sources */ = {isa = PBXBuildFile; fileRef = 3B066B4A25A2375E002100A9 /* HomeViewController.swift */; };
		3B066B4D25A2375E002100A9 /* HomeViewController.xib in Resources */ = {isa = PBXBuildFile; fileRef = 3B066B4B25A2375E002100A9 /* HomeViewController.xib */; };
		3B066B5725A23C33002100A9 /* RecViewController.swift in Sources */ = {isa = PBXBuildFile; fileRef = 3B066B5525A23C33002100A9 /* RecViewController.swift */; };
		3B066B5825A23C33002100A9 /* RecViewController.xib in Resources */ = {isa = PBXBuildFile; fileRef = 3B066B5625A23C33002100A9 /* RecViewController.xib */; };
		3B066B5C25A23C3E002100A9 /* DailyViewController.swift in Sources */ = {isa = PBXBuildFile; fileRef = 3B066B5A25A23C3E002100A9 /* DailyViewController.swift */; };
		3B066B5D25A23C3E002100A9 /* DailyViewController.xib in Resources */ = {isa = PBXBuildFile; fileRef = 3B066B5B25A23C3E002100A9 /* DailyViewController.xib */; };
		3B066B6125A23C60002100A9 /* BestViewController.swift in Sources */ = {isa = PBXBuildFile; fileRef = 3B066B5F25A23C60002100A9 /* BestViewController.swift */; };
		3B066B6225A23C60002100A9 /* BestViewController.xib in Resources */ = {isa = PBXBuildFile; fileRef = 3B066B6025A23C60002100A9 /* BestViewController.xib */; };
		3B0947AC25A8702D0084EBC9 /* FripIntroCollectionViewCell.swift in Sources */ = {isa = PBXBuildFile; fileRef = 3B0947AA25A8702D0084EBC9 /* FripIntroCollectionViewCell.swift */; };
		3B0947AD25A8702D0084EBC9 /* FripIntroCollectionViewCell.xib in Resources */ = {isa = PBXBuildFile; fileRef = 3B0947AB25A8702D0084EBC9 /* FripIntroCollectionViewCell.xib */; };
		3B0947B025A880490084EBC9 /* CommonPostDataManager.swift in Sources */ = {isa = PBXBuildFile; fileRef = 3B0947AF25A880490084EBC9 /* CommonPostDataManager.swift */; };
		3B0947B825A8846C0084EBC9 /* FripCommentViewController.swift in Sources */ = {isa = PBXBuildFile; fileRef = 3B0947B625A8846C0084EBC9 /* FripCommentViewController.swift */; };
		3B0947B925A8846C0084EBC9 /* FripCommentViewController.xib in Resources */ = {isa = PBXBuildFile; fileRef = 3B0947B725A8846C0084EBC9 /* FripCommentViewController.xib */; };
		3B1AA24225A59C650020E967 /* UICollectionView.swift in Sources */ = {isa = PBXBuildFile; fileRef = 3B1AA24125A59C650020E967 /* UICollectionView.swift */; };
		3B1AA24E25A5B1590020E967 /* DailyButtonCollectionViewCell.swift in Sources */ = {isa = PBXBuildFile; fileRef = 3B1AA24C25A5B1590020E967 /* DailyButtonCollectionViewCell.swift */; };
		3B1AA24F25A5B1590020E967 /* DailyButtonCollectionViewCell.xib in Resources */ = {isa = PBXBuildFile; fileRef = 3B1AA24D25A5B1590020E967 /* DailyButtonCollectionViewCell.xib */; };
		3B24D81725A8B74B00A4A002 /* CommentHeaderCollectionViewCell.xib in Resources */ = {isa = PBXBuildFile; fileRef = 3BEEBBE625A88A2400343B34 /* CommentHeaderCollectionViewCell.xib */; };
		3B24D81A25A8B76300A4A002 /* CommentShowCollectionViewCell.xib in Resources */ = {isa = PBXBuildFile; fileRef = 3BD4CCCD25A8A441009B03C6 /* CommentShowCollectionViewCell.xib */; };
		3B24D81D25A9452800A4A002 /* FripCommentResponse.swift in Sources */ = {isa = PBXBuildFile; fileRef = 3B24D81C25A9452800A4A002 /* FripCommentResponse.swift */; };
		3B3B5CD625A43FCF00719FA7 /* CategorySearchViewController.swift in Sources */ = {isa = PBXBuildFile; fileRef = 3B3B5CD425A43FCF00719FA7 /* CategorySearchViewController.swift */; };
		3B3B5CD725A43FCF00719FA7 /* CategorySearchViewController.xib in Resources */ = {isa = PBXBuildFile; fileRef = 3B3B5CD525A43FCF00719FA7 /* CategorySearchViewController.xib */; };
		3B3B5CDC25A543FB00719FA7 /* SmallCategoryCollectionViewCell.swift in Sources */ = {isa = PBXBuildFile; fileRef = 3B3B5CDA25A543FB00719FA7 /* SmallCategoryCollectionViewCell.swift */; };
		3B3B5CDD25A543FB00719FA7 /* SmallCategoryCollectionViewCell.xib in Resources */ = {isa = PBXBuildFile; fileRef = 3B3B5CDB25A543FB00719FA7 /* SmallCategoryCollectionViewCell.xib */; };
		3B3F31C025A3376700EE22C5 /* MainPostDataManager.swift in Sources */ = {isa = PBXBuildFile; fileRef = 3B3F31BF25A3376700EE22C5 /* MainPostDataManager.swift */; };
		3B3F31C525A339EC00EE22C5 /* CategoryCollectionViewCell.swift in Sources */ = {isa = PBXBuildFile; fileRef = 3B3F31C325A339EC00EE22C5 /* CategoryCollectionViewCell.swift */; };
		3B3F31C625A339EC00EE22C5 /* CategoryCollectionViewCell.xib in Resources */ = {isa = PBXBuildFile; fileRef = 3B3F31C425A339EC00EE22C5 /* CategoryCollectionViewCell.xib */; };
		3B3F31CB25A37B6100EE22C5 /* labelCollectionViewCell.swift in Sources */ = {isa = PBXBuildFile; fileRef = 3B3F31C925A37B6100EE22C5 /* labelCollectionViewCell.swift */; };
		3B3F31CC25A37B6100EE22C5 /* labelCollectionViewCell.xib in Resources */ = {isa = PBXBuildFile; fileRef = 3B3F31CA25A37B6100EE22C5 /* labelCollectionViewCell.xib */; };
		3B3F320325A398A800EE22C5 /* SaveHostViewController.swift in Sources */ = {isa = PBXBuildFile; fileRef = 3B3F320125A398A800EE22C5 /* SaveHostViewController.swift */; };
		3B3F320425A398A800EE22C5 /* SaveHostViewController.xib in Resources */ = {isa = PBXBuildFile; fileRef = 3B3F320225A398A800EE22C5 /* SaveHostViewController.xib */; };
		3B3F320925A398B300EE22C5 /* SaveFripViewController.swift in Sources */ = {isa = PBXBuildFile; fileRef = 3B3F320725A398B300EE22C5 /* SaveFripViewController.swift */; };
		3B3F320A25A398B300EE22C5 /* SaveFripViewController.xib in Resources */ = {isa = PBXBuildFile; fileRef = 3B3F320825A398B300EE22C5 /* SaveFripViewController.xib */; };
		3B3F320F25A41FC900EE22C5 /* NoneCollectionViewCell.swift in Sources */ = {isa = PBXBuildFile; fileRef = 3B3F320D25A41FC900EE22C5 /* NoneCollectionViewCell.swift */; };
		3B3F321025A41FC900EE22C5 /* NoneCollectionViewCell.xib in Resources */ = {isa = PBXBuildFile; fileRef = 3B3F320E25A41FC900EE22C5 /* NoneCollectionViewCell.xib */; };
		3B3F321425A42FE400EE22C5 /* HostCollectionViewCell.swift in Sources */ = {isa = PBXBuildFile; fileRef = 3B3F321225A42FE400EE22C5 /* HostCollectionViewCell.swift */; };
		3B3F321525A42FE400EE22C5 /* HostCollectionViewCell.xib in Resources */ = {isa = PBXBuildFile; fileRef = 3B3F321325A42FE400EE22C5 /* HostCollectionViewCell.xib */; };
		3B44FE0425A5F85500B85451 /* BestButtonCollectionViewCell.swift in Sources */ = {isa = PBXBuildFile; fileRef = 3B44FE0225A5F85500B85451 /* BestButtonCollectionViewCell.swift */; };
		3B44FE0525A5F85500B85451 /* BestButtonCollectionViewCell.xib in Resources */ = {isa = PBXBuildFile; fileRef = 3B44FE0325A5F85500B85451 /* BestButtonCollectionViewCell.xib */; };
		3B56C55025A61C9B00C45B0E /* FripShowViewController.swift in Sources */ = {isa = PBXBuildFile; fileRef = 3B56C54E25A61C9B00C45B0E /* FripShowViewController.swift */; };
		3B56C55125A61C9B00C45B0E /* FripShowViewController.xib in Resources */ = {isa = PBXBuildFile; fileRef = 3B56C54F25A61C9B00C45B0E /* FripShowViewController.xib */; };
		3B56C55625A6D62900C45B0E /* HomeGetResponse.swift in Sources */ = {isa = PBXBuildFile; fileRef = 3B56C55525A6D62900C45B0E /* HomeGetResponse.swift */; };
		3B56C55925A6D86700C45B0E /* MainFrip.swift in Sources */ = {isa = PBXBuildFile; fileRef = 3B56C55825A6D86700C45B0E /* MainFrip.swift */; };
		3B7771FA25A0726000CF2905 /* AppDelegate.swift in Sources */ = {isa = PBXBuildFile; fileRef = 3B7771F925A0726000CF2905 /* AppDelegate.swift */; };
		3B7771FC25A0726000CF2905 /* SceneDelegate.swift in Sources */ = {isa = PBXBuildFile; fileRef = 3B7771FB25A0726000CF2905 /* SceneDelegate.swift */; };
		3B77720325A0726200CF2905 /* Assets.xcassets in Resources */ = {isa = PBXBuildFile; fileRef = 3B77720225A0726200CF2905 /* Assets.xcassets */; };
		3B77720625A0726200CF2905 /* LaunchScreen.storyboard in Resources */ = {isa = PBXBuildFile; fileRef = 3B77720425A0726200CF2905 /* LaunchScreen.storyboard */; };
		3B77724C25A0A54600CF2905 /* NotoSansCJKkr-Medium.otf in Resources */ = {isa = PBXBuildFile; fileRef = 3B77724925A0A54600CF2905 /* NotoSansCJKkr-Medium.otf */; };
		3B77724D25A0A54600CF2905 /* NotoSansCJKkr-Regular.otf in Resources */ = {isa = PBXBuildFile; fileRef = 3B77724A25A0A54600CF2905 /* NotoSansCJKkr-Regular.otf */; };
		3B77724E25A0A54600CF2905 /* NotoSansCJKkr-Bold.otf in Resources */ = {isa = PBXBuildFile; fileRef = 3B77724B25A0A54600CF2905 /* NotoSansCJKkr-Bold.otf */; };
		3B77725125A0A58C00CF2905 /* Constant.swift in Sources */ = {isa = PBXBuildFile; fileRef = 3B77725025A0A58C00CF2905 /* Constant.swift */; };
		3B77725525A0A5B300CF2905 /* Key.swift in Sources */ = {isa = PBXBuildFile; fileRef = 3B77725425A0A5B300CF2905 /* Key.swift */; };
		3B77726F25A0A70A00CF2905 /* Color.swift in Sources */ = {isa = PBXBuildFile; fileRef = 3B77726725A0A70900CF2905 /* Color.swift */; };
		3B77727025A0A70A00CF2905 /* String.swift in Sources */ = {isa = PBXBuildFile; fileRef = 3B77726825A0A70900CF2905 /* String.swift */; };
		3B77727125A0A70A00CF2905 /* Date.swift in Sources */ = {isa = PBXBuildFile; fileRef = 3B77726925A0A70900CF2905 /* Date.swift */; };
		3B77727225A0A70A00CF2905 /* UIView.swift in Sources */ = {isa = PBXBuildFile; fileRef = 3B77726A25A0A70900CF2905 /* UIView.swift */; };
		3B77727325A0A70A00CF2905 /* UIButton.swift in Sources */ = {isa = PBXBuildFile; fileRef = 3B77726B25A0A70900CF2905 /* UIButton.swift */; };
		3B77727425A0A70A00CF2905 /* UIFont.swift in Sources */ = {isa = PBXBuildFile; fileRef = 3B77726C25A0A70900CF2905 /* UIFont.swift */; };
		3B77727525A0A70A00CF2905 /* UINavigationBar.swift in Sources */ = {isa = PBXBuildFile; fileRef = 3B77726D25A0A70A00CF2905 /* UINavigationBar.swift */; };
		3B77727625A0A70A00CF2905 /* UIViewController.swift in Sources */ = {isa = PBXBuildFile; fileRef = 3B77726E25A0A70A00CF2905 /* UIViewController.swift */; };
		3B77727B25A0A87A00CF2905 /* IndicatorView.swift in Sources */ = {isa = PBXBuildFile; fileRef = 3B77727A25A0A87A00CF2905 /* IndicatorView.swift */; };
		3B77727E25A0A88E00CF2905 /* Device.swift in Sources */ = {isa = PBXBuildFile; fileRef = 3B77727D25A0A88E00CF2905 /* Device.swift */; };
		3B77728225A0A8CE00CF2905 /* BaseViewController.swift in Sources */ = {isa = PBXBuildFile; fileRef = 3B77728125A0A8CE00CF2905 /* BaseViewController.swift */; };
		3B77728B25A0AC4000CF2905 /* MainViewController.swift in Sources */ = {isa = PBXBuildFile; fileRef = 3B77728925A0AC4000CF2905 /* MainViewController.swift */; };
		3B77728C25A0AC4000CF2905 /* MainViewController.xib in Resources */ = {isa = PBXBuildFile; fileRef = 3B77728A25A0AC4000CF2905 /* MainViewController.xib */; };
		3B77729725A0E08800CF2905 /* SignInResponse.swift in Sources */ = {isa = PBXBuildFile; fileRef = 3B77729625A0E08800CF2905 /* SignInResponse.swift */; };
		3B77729B25A0E45A00CF2905 /* MainDataManager.swift in Sources */ = {isa = PBXBuildFile; fileRef = 3B77729A25A0E45A00CF2905 /* MainDataManager.swift */; };
		3B7772A025A189DC00CF2905 /* BaseTabBarViewController.swift in Sources */ = {isa = PBXBuildFile; fileRef = 3B77729F25A189DC00CF2905 /* BaseTabBarViewController.swift */; };
		3B7772B225A18D5200CF2905 /* CategoryViewController.swift in Sources */ = {isa = PBXBuildFile; fileRef = 3B7772B025A18D5200CF2905 /* CategoryViewController.swift */; };
		3B7772B325A18D5200CF2905 /* CategoryViewController.xib in Resources */ = {isa = PBXBuildFile; fileRef = 3B7772B125A18D5200CF2905 /* CategoryViewController.xib */; };
		3B7772B725A18D5E00CF2905 /* FeedViewController.swift in Sources */ = {isa = PBXBuildFile; fileRef = 3B7772B525A18D5E00CF2905 /* FeedViewController.swift */; };
		3B7772B825A18D5E00CF2905 /* FeedViewController.xib in Resources */ = {isa = PBXBuildFile; fileRef = 3B7772B625A18D5E00CF2905 /* FeedViewController.xib */; };
		3B7772BC25A18D6800CF2905 /* StoredViewController.swift in Sources */ = {isa = PBXBuildFile; fileRef = 3B7772BA25A18D6800CF2905 /* StoredViewController.swift */; };
		3B7772BD25A18D6800CF2905 /* StoredViewController.xib in Resources */ = {isa = PBXBuildFile; fileRef = 3B7772BB25A18D6800CF2905 /* StoredViewController.xib */; };
		3B7772C125A18D7400CF2905 /* MyInfoViewController.swift in Sources */ = {isa = PBXBuildFile; fileRef = 3B7772BF25A18D7400CF2905 /* MyInfoViewController.swift */; };
		3B7772C225A18D7400CF2905 /* MyInfoViewController.xib in Resources */ = {isa = PBXBuildFile; fileRef = 3B7772C025A18D7400CF2905 /* MyInfoViewController.xib */; };
		3B7EF04625A2E3C70003C210 /* BtnCollectionViewCell.swift in Sources */ = {isa = PBXBuildFile; fileRef = 3B7EF04425A2E3C70003C210 /* BtnCollectionViewCell.swift */; };
		3B7EF04725A2E3C70003C210 /* BtnCollectionViewCell.xib in Resources */ = {isa = PBXBuildFile; fileRef = 3B7EF04525A2E3C70003C210 /* BtnCollectionViewCell.xib */; };
		3B7EF0F025A2E7500003C210 /* MainCollectionViewCell.swift in Sources */ = {isa = PBXBuildFile; fileRef = 3B7EF0EE25A2E7500003C210 /* MainCollectionViewCell.swift */; };
		3B7EF0F125A2E7500003C210 /* MainCollectionViewCell.xib in Resources */ = {isa = PBXBuildFile; fileRef = 3B7EF0EF25A2E7500003C210 /* MainCollectionViewCell.xib */; };
		3B885A5525A5701300C73854 /* LogInResponse.swift in Sources */ = {isa = PBXBuildFile; fileRef = 3B885A5425A5701300C73854 /* LogInResponse.swift */; };
		3B885A5825A578DF00C73854 /* AutoLogInResponse.swift in Sources */ = {isa = PBXBuildFile; fileRef = 3B885A5725A578DF00C73854 /* AutoLogInResponse.swift */; };
		3B885A5D25A5871E00C73854 /* DailyBigCollectionViewCell.swift in Sources */ = {isa = PBXBuildFile; fileRef = 3B885A5B25A5871E00C73854 /* DailyBigCollectionViewCell.swift */; };
		3B885A5E25A5871E00C73854 /* DailyBigCollectionViewCell.xib in Resources */ = {isa = PBXBuildFile; fileRef = 3B885A5C25A5871E00C73854 /* DailyBigCollectionViewCell.xib */; };
		3BC4DDB325A82875000ABF0C /* CategorySearchGetManager.swift in Sources */ = {isa = PBXBuildFile; fileRef = 3BC4DDB225A82875000ABF0C /* CategorySearchGetManager.swift */; };
		3BC4DDB825A84455000ABF0C /* CommonGetDataManager.swift in Sources */ = {isa = PBXBuildFile; fileRef = 3BC4DDB725A84455000ABF0C /* CommonGetDataManager.swift */; };
		3BC4DDBC25A8491F000ABF0C /* FripDetailResponse.swift in Sources */ = {isa = PBXBuildFile; fileRef = 3BC4DDBB25A8491F000ABF0C /* FripDetailResponse.swift */; };
		3BD4CCCE25A8A441009B03C6 /* CommentShowCollectionViewCell.swift in Sources */ = {isa = PBXBuildFile; fileRef = 3BD4CCCC25A8A441009B03C6 /* CommentShowCollectionViewCell.swift */; };
		3BE3FE6525A31E8C00F49E0C /* HeaderCollectionReusableView.swift in Sources */ = {isa = PBXBuildFile; fileRef = 3BE3FE6425A31E8C00F49E0C /* HeaderCollectionReusableView.swift */; };
		3BEEBBE725A88A2400343B34 /* CommentHeaderCollectionViewCell.swift in Sources */ = {isa = PBXBuildFile; fileRef = 3BEEBBE525A88A2400343B34 /* CommentHeaderCollectionViewCell.swift */; };
		3BF8BAB825A994A4005E3FB7 /* HostMainViewController.swift in Sources */ = {isa = PBXBuildFile; fileRef = 3BF8BAB625A994A4005E3FB7 /* HostMainViewController.swift */; };
		3BF8BAB925A994A4005E3FB7 /* HostMainViewController.xib in Resources */ = {isa = PBXBuildFile; fileRef = 3BF8BAB725A994A4005E3FB7 /* HostMainViewController.xib */; };
		3BF8BABC25A99A34005E3FB7 /* FripCollectionReusableView.swift in Sources */ = {isa = PBXBuildFile; fileRef = 3BF8BABB25A99A34005E3FB7 /* FripCollectionReusableView.swift */; };
		3BF8BAC125A9A31B005E3FB7 /* HostTextCollectionViewCell.swift in Sources */ = {isa = PBXBuildFile; fileRef = 3BF8BABF25A9A31B005E3FB7 /* HostTextCollectionViewCell.swift */; };
		3BF8BAC225A9A31B005E3FB7 /* HostTextCollectionViewCell.xib in Resources */ = {isa = PBXBuildFile; fileRef = 3BF8BAC025A9A31B005E3FB7 /* HostTextCollectionViewCell.xib */; };
		3BF8BAC625A9A446005E3FB7 /* HostButtonCollectionViewCell.swift in Sources */ = {isa = PBXBuildFile; fileRef = 3BF8BAC425A9A446005E3FB7 /* HostButtonCollectionViewCell.swift */; };
		3BF8BAC725A9A446005E3FB7 /* HostButtonCollectionViewCell.xib in Resources */ = {isa = PBXBuildFile; fileRef = 3BF8BAC525A9A446005E3FB7 /* HostButtonCollectionViewCell.xib */; };
		3BFDD01C25A6F9350079B29D /* HomePostResponse.swift in Sources */ = {isa = PBXBuildFile; fileRef = 3BFDD01B25A6F9350079B29D /* HomePostResponse.swift */; };
		3BFDD01F25A6FA020079B29D /* FripSave.swift in Sources */ = {isa = PBXBuildFile; fileRef = 3BFDD01E25A6FA020079B29D /* FripSave.swift */; };
		3BFDD02825A6FE0E0079B29D /* IndicatorCollectionViewCell.swift in Sources */ = {isa = PBXBuildFile; fileRef = 3BFDD02625A6FE0E0079B29D /* IndicatorCollectionViewCell.swift */; };
		3BFDD02925A6FE0E0079B29D /* IndicatorCollectionViewCell.xib in Resources */ = {isa = PBXBuildFile; fileRef = 3BFDD02725A6FE0E0079B29D /* IndicatorCollectionViewCell.xib */; };
		3BFDD02D25A707520079B29D /* FripImageCollectionViewCell.swift in Sources */ = {isa = PBXBuildFile; fileRef = 3BFDD02B25A707520079B29D /* FripImageCollectionViewCell.swift */; };
		3BFDD02E25A707520079B29D /* FripImageCollectionViewCell.xib in Resources */ = {isa = PBXBuildFile; fileRef = 3BFDD02C25A707520079B29D /* FripImageCollectionViewCell.xib */; };
		3BFDD03225A707FE0079B29D /* FripShowCollectionViewCell.swift in Sources */ = {isa = PBXBuildFile; fileRef = 3BFDD03025A707FE0079B29D /* FripShowCollectionViewCell.swift */; };
		3BFDD03325A707FE0079B29D /* FripShowCollectionViewCell.xib in Resources */ = {isa = PBXBuildFile; fileRef = 3BFDD03125A707FE0079B29D /* FripShowCollectionViewCell.xib */; };
		3BFDD03D25A725870079B29D /* FripCommentCollectionViewCell.swift in Sources */ = {isa = PBXBuildFile; fileRef = 3BFDD03B25A725870079B29D /* FripCommentCollectionViewCell.swift */; };
		3BFDD03E25A725870079B29D /* FripCommentCollectionViewCell.xib in Resources */ = {isa = PBXBuildFile; fileRef = 3BFDD03C25A725870079B29D /* FripCommentCollectionViewCell.xib */; };
		F2E6D8BE50CDFE9B21315D05 /* Pods_Frip.framework in Frameworks */ = {isa = PBXBuildFile; fileRef = 8FBA4537F4C1AE15CFCC8F7A /* Pods_Frip.framework */; };
/* End PBXBuildFile section */

/* Begin PBXFileReference section */
		3B066B4A25A2375E002100A9 /* HomeViewController.swift */ = {isa = PBXFileReference; lastKnownFileType = sourcecode.swift; path = HomeViewController.swift; sourceTree = "<group>"; };
		3B066B4B25A2375E002100A9 /* HomeViewController.xib */ = {isa = PBXFileReference; lastKnownFileType = file.xib; path = HomeViewController.xib; sourceTree = "<group>"; };
		3B066B5525A23C33002100A9 /* RecViewController.swift */ = {isa = PBXFileReference; lastKnownFileType = sourcecode.swift; path = RecViewController.swift; sourceTree = "<group>"; };
		3B066B5625A23C33002100A9 /* RecViewController.xib */ = {isa = PBXFileReference; lastKnownFileType = file.xib; path = RecViewController.xib; sourceTree = "<group>"; };
		3B066B5A25A23C3E002100A9 /* DailyViewController.swift */ = {isa = PBXFileReference; lastKnownFileType = sourcecode.swift; path = DailyViewController.swift; sourceTree = "<group>"; };
		3B066B5B25A23C3E002100A9 /* DailyViewController.xib */ = {isa = PBXFileReference; lastKnownFileType = file.xib; path = DailyViewController.xib; sourceTree = "<group>"; };
		3B066B5F25A23C60002100A9 /* BestViewController.swift */ = {isa = PBXFileReference; lastKnownFileType = sourcecode.swift; path = BestViewController.swift; sourceTree = "<group>"; };
		3B066B6025A23C60002100A9 /* BestViewController.xib */ = {isa = PBXFileReference; lastKnownFileType = file.xib; path = BestViewController.xib; sourceTree = "<group>"; };
		3B0947AA25A8702D0084EBC9 /* FripIntroCollectionViewCell.swift */ = {isa = PBXFileReference; lastKnownFileType = sourcecode.swift; path = FripIntroCollectionViewCell.swift; sourceTree = "<group>"; };
		3B0947AB25A8702D0084EBC9 /* FripIntroCollectionViewCell.xib */ = {isa = PBXFileReference; lastKnownFileType = file.xib; path = FripIntroCollectionViewCell.xib; sourceTree = "<group>"; };
		3B0947AF25A880490084EBC9 /* CommonPostDataManager.swift */ = {isa = PBXFileReference; lastKnownFileType = sourcecode.swift; path = CommonPostDataManager.swift; sourceTree = "<group>"; };
		3B0947B625A8846C0084EBC9 /* FripCommentViewController.swift */ = {isa = PBXFileReference; lastKnownFileType = sourcecode.swift; path = FripCommentViewController.swift; sourceTree = "<group>"; };
		3B0947B725A8846C0084EBC9 /* FripCommentViewController.xib */ = {isa = PBXFileReference; lastKnownFileType = file.xib; path = FripCommentViewController.xib; sourceTree = "<group>"; };
		3B1AA24125A59C650020E967 /* UICollectionView.swift */ = {isa = PBXFileReference; lastKnownFileType = sourcecode.swift; path = UICollectionView.swift; sourceTree = "<group>"; };
		3B1AA24C25A5B1590020E967 /* DailyButtonCollectionViewCell.swift */ = {isa = PBXFileReference; lastKnownFileType = sourcecode.swift; path = DailyButtonCollectionViewCell.swift; sourceTree = "<group>"; };
		3B1AA24D25A5B1590020E967 /* DailyButtonCollectionViewCell.xib */ = {isa = PBXFileReference; lastKnownFileType = file.xib; path = DailyButtonCollectionViewCell.xib; sourceTree = "<group>"; };
		3B24D81C25A9452800A4A002 /* FripCommentResponse.swift */ = {isa = PBXFileReference; lastKnownFileType = sourcecode.swift; path = FripCommentResponse.swift; sourceTree = "<group>"; };
		3B3B5CD425A43FCF00719FA7 /* CategorySearchViewController.swift */ = {isa = PBXFileReference; lastKnownFileType = sourcecode.swift; path = CategorySearchViewController.swift; sourceTree = "<group>"; };
		3B3B5CD525A43FCF00719FA7 /* CategorySearchViewController.xib */ = {isa = PBXFileReference; lastKnownFileType = file.xib; path = CategorySearchViewController.xib; sourceTree = "<group>"; };
		3B3B5CDA25A543FB00719FA7 /* SmallCategoryCollectionViewCell.swift */ = {isa = PBXFileReference; lastKnownFileType = sourcecode.swift; path = SmallCategoryCollectionViewCell.swift; sourceTree = "<group>"; };
		3B3B5CDB25A543FB00719FA7 /* SmallCategoryCollectionViewCell.xib */ = {isa = PBXFileReference; lastKnownFileType = file.xib; path = SmallCategoryCollectionViewCell.xib; sourceTree = "<group>"; };
		3B3F31BF25A3376700EE22C5 /* MainPostDataManager.swift */ = {isa = PBXFileReference; lastKnownFileType = sourcecode.swift; path = MainPostDataManager.swift; sourceTree = "<group>"; };
		3B3F31C325A339EC00EE22C5 /* CategoryCollectionViewCell.swift */ = {isa = PBXFileReference; lastKnownFileType = sourcecode.swift; path = CategoryCollectionViewCell.swift; sourceTree = "<group>"; };
		3B3F31C425A339EC00EE22C5 /* CategoryCollectionViewCell.xib */ = {isa = PBXFileReference; lastKnownFileType = file.xib; path = CategoryCollectionViewCell.xib; sourceTree = "<group>"; };
		3B3F31C925A37B6100EE22C5 /* labelCollectionViewCell.swift */ = {isa = PBXFileReference; lastKnownFileType = sourcecode.swift; path = labelCollectionViewCell.swift; sourceTree = "<group>"; };
		3B3F31CA25A37B6100EE22C5 /* labelCollectionViewCell.xib */ = {isa = PBXFileReference; lastKnownFileType = file.xib; path = labelCollectionViewCell.xib; sourceTree = "<group>"; };
		3B3F320125A398A800EE22C5 /* SaveHostViewController.swift */ = {isa = PBXFileReference; lastKnownFileType = sourcecode.swift; path = SaveHostViewController.swift; sourceTree = "<group>"; };
		3B3F320225A398A800EE22C5 /* SaveHostViewController.xib */ = {isa = PBXFileReference; lastKnownFileType = file.xib; path = SaveHostViewController.xib; sourceTree = "<group>"; };
		3B3F320725A398B300EE22C5 /* SaveFripViewController.swift */ = {isa = PBXFileReference; lastKnownFileType = sourcecode.swift; path = SaveFripViewController.swift; sourceTree = "<group>"; };
		3B3F320825A398B300EE22C5 /* SaveFripViewController.xib */ = {isa = PBXFileReference; lastKnownFileType = file.xib; path = SaveFripViewController.xib; sourceTree = "<group>"; };
		3B3F320D25A41FC900EE22C5 /* NoneCollectionViewCell.swift */ = {isa = PBXFileReference; lastKnownFileType = sourcecode.swift; path = NoneCollectionViewCell.swift; sourceTree = "<group>"; };
		3B3F320E25A41FC900EE22C5 /* NoneCollectionViewCell.xib */ = {isa = PBXFileReference; lastKnownFileType = file.xib; path = NoneCollectionViewCell.xib; sourceTree = "<group>"; };
		3B3F321225A42FE400EE22C5 /* HostCollectionViewCell.swift */ = {isa = PBXFileReference; lastKnownFileType = sourcecode.swift; path = HostCollectionViewCell.swift; sourceTree = "<group>"; };
		3B3F321325A42FE400EE22C5 /* HostCollectionViewCell.xib */ = {isa = PBXFileReference; lastKnownFileType = file.xib; path = HostCollectionViewCell.xib; sourceTree = "<group>"; };
		3B44FE0225A5F85500B85451 /* BestButtonCollectionViewCell.swift */ = {isa = PBXFileReference; lastKnownFileType = sourcecode.swift; path = BestButtonCollectionViewCell.swift; sourceTree = "<group>"; };
		3B44FE0325A5F85500B85451 /* BestButtonCollectionViewCell.xib */ = {isa = PBXFileReference; lastKnownFileType = file.xib; path = BestButtonCollectionViewCell.xib; sourceTree = "<group>"; };
		3B56C54E25A61C9B00C45B0E /* FripShowViewController.swift */ = {isa = PBXFileReference; lastKnownFileType = sourcecode.swift; path = FripShowViewController.swift; sourceTree = "<group>"; };
		3B56C54F25A61C9B00C45B0E /* FripShowViewController.xib */ = {isa = PBXFileReference; lastKnownFileType = file.xib; path = FripShowViewController.xib; sourceTree = "<group>"; };
		3B56C55525A6D62900C45B0E /* HomeGetResponse.swift */ = {isa = PBXFileReference; lastKnownFileType = sourcecode.swift; path = HomeGetResponse.swift; sourceTree = "<group>"; };
		3B56C55825A6D86700C45B0E /* MainFrip.swift */ = {isa = PBXFileReference; lastKnownFileType = sourcecode.swift; path = MainFrip.swift; sourceTree = "<group>"; };
		3B7771F625A0726000CF2905 /* Frip.app */ = {isa = PBXFileReference; explicitFileType = wrapper.application; includeInIndex = 0; path = Frip.app; sourceTree = BUILT_PRODUCTS_DIR; };
		3B7771F925A0726000CF2905 /* AppDelegate.swift */ = {isa = PBXFileReference; lastKnownFileType = sourcecode.swift; path = AppDelegate.swift; sourceTree = "<group>"; };
		3B7771FB25A0726000CF2905 /* SceneDelegate.swift */ = {isa = PBXFileReference; lastKnownFileType = sourcecode.swift; path = SceneDelegate.swift; sourceTree = "<group>"; };
		3B77720225A0726200CF2905 /* Assets.xcassets */ = {isa = PBXFileReference; lastKnownFileType = folder.assetcatalog; path = Assets.xcassets; sourceTree = "<group>"; };
		3B77720525A0726200CF2905 /* Base */ = {isa = PBXFileReference; lastKnownFileType = file.storyboard; name = Base; path = Base.lproj/LaunchScreen.storyboard; sourceTree = "<group>"; };
		3B77720725A0726200CF2905 /* Info.plist */ = {isa = PBXFileReference; lastKnownFileType = text.plist.xml; path = Info.plist; sourceTree = "<group>"; };
		3B77724925A0A54600CF2905 /* NotoSansCJKkr-Medium.otf */ = {isa = PBXFileReference; lastKnownFileType = file; path = "NotoSansCJKkr-Medium.otf"; sourceTree = "<group>"; };
		3B77724A25A0A54600CF2905 /* NotoSansCJKkr-Regular.otf */ = {isa = PBXFileReference; lastKnownFileType = file; path = "NotoSansCJKkr-Regular.otf"; sourceTree = "<group>"; };
		3B77724B25A0A54600CF2905 /* NotoSansCJKkr-Bold.otf */ = {isa = PBXFileReference; lastKnownFileType = file; path = "NotoSansCJKkr-Bold.otf"; sourceTree = "<group>"; };
		3B77725025A0A58C00CF2905 /* Constant.swift */ = {isa = PBXFileReference; lastKnownFileType = sourcecode.swift; path = Constant.swift; sourceTree = "<group>"; };
		3B77725425A0A5B300CF2905 /* Key.swift */ = {isa = PBXFileReference; lastKnownFileType = sourcecode.swift; path = Key.swift; sourceTree = "<group>"; };
		3B77726725A0A70900CF2905 /* Color.swift */ = {isa = PBXFileReference; fileEncoding = 4; lastKnownFileType = sourcecode.swift; path = Color.swift; sourceTree = "<group>"; };
		3B77726825A0A70900CF2905 /* String.swift */ = {isa = PBXFileReference; fileEncoding = 4; lastKnownFileType = sourcecode.swift; path = String.swift; sourceTree = "<group>"; };
		3B77726925A0A70900CF2905 /* Date.swift */ = {isa = PBXFileReference; fileEncoding = 4; lastKnownFileType = sourcecode.swift; name = Date.swift; path = "../../../../../../../Downloads/ios-template-master/EduTemplate/Configuration/Extension/Date.swift"; sourceTree = "<group>"; };
		3B77726A25A0A70900CF2905 /* UIView.swift */ = {isa = PBXFileReference; fileEncoding = 4; lastKnownFileType = sourcecode.swift; path = UIView.swift; sourceTree = "<group>"; };
		3B77726B25A0A70900CF2905 /* UIButton.swift */ = {isa = PBXFileReference; fileEncoding = 4; lastKnownFileType = sourcecode.swift; path = UIButton.swift; sourceTree = "<group>"; };
		3B77726C25A0A70900CF2905 /* UIFont.swift */ = {isa = PBXFileReference; fileEncoding = 4; lastKnownFileType = sourcecode.swift; path = UIFont.swift; sourceTree = "<group>"; };
		3B77726D25A0A70A00CF2905 /* UINavigationBar.swift */ = {isa = PBXFileReference; fileEncoding = 4; lastKnownFileType = sourcecode.swift; path = UINavigationBar.swift; sourceTree = "<group>"; };
		3B77726E25A0A70A00CF2905 /* UIViewController.swift */ = {isa = PBXFileReference; fileEncoding = 4; lastKnownFileType = sourcecode.swift; path = UIViewController.swift; sourceTree = "<group>"; };
		3B77727A25A0A87A00CF2905 /* IndicatorView.swift */ = {isa = PBXFileReference; lastKnownFileType = sourcecode.swift; path = IndicatorView.swift; sourceTree = "<group>"; };
		3B77727D25A0A88E00CF2905 /* Device.swift */ = {isa = PBXFileReference; lastKnownFileType = sourcecode.swift; path = Device.swift; sourceTree = "<group>"; };
		3B77728125A0A8CE00CF2905 /* BaseViewController.swift */ = {isa = PBXFileReference; lastKnownFileType = sourcecode.swift; path = BaseViewController.swift; sourceTree = "<group>"; };
		3B77728925A0AC4000CF2905 /* MainViewController.swift */ = {isa = PBXFileReference; lastKnownFileType = sourcecode.swift; path = MainViewController.swift; sourceTree = "<group>"; };
		3B77728A25A0AC4000CF2905 /* MainViewController.xib */ = {isa = PBXFileReference; lastKnownFileType = file.xib; path = MainViewController.xib; sourceTree = "<group>"; };
		3B77729625A0E08800CF2905 /* SignInResponse.swift */ = {isa = PBXFileReference; lastKnownFileType = sourcecode.swift; path = SignInResponse.swift; sourceTree = "<group>"; };
		3B77729A25A0E45A00CF2905 /* MainDataManager.swift */ = {isa = PBXFileReference; lastKnownFileType = sourcecode.swift; path = MainDataManager.swift; sourceTree = "<group>"; };
		3B77729F25A189DC00CF2905 /* BaseTabBarViewController.swift */ = {isa = PBXFileReference; lastKnownFileType = sourcecode.swift; path = BaseTabBarViewController.swift; sourceTree = "<group>"; };
		3B7772B025A18D5200CF2905 /* CategoryViewController.swift */ = {isa = PBXFileReference; lastKnownFileType = sourcecode.swift; path = CategoryViewController.swift; sourceTree = "<group>"; };
		3B7772B125A18D5200CF2905 /* CategoryViewController.xib */ = {isa = PBXFileReference; lastKnownFileType = file.xib; path = CategoryViewController.xib; sourceTree = "<group>"; };
		3B7772B525A18D5E00CF2905 /* FeedViewController.swift */ = {isa = PBXFileReference; lastKnownFileType = sourcecode.swift; path = FeedViewController.swift; sourceTree = "<group>"; };
		3B7772B625A18D5E00CF2905 /* FeedViewController.xib */ = {isa = PBXFileReference; lastKnownFileType = file.xib; path = FeedViewController.xib; sourceTree = "<group>"; };
		3B7772BA25A18D6800CF2905 /* StoredViewController.swift */ = {isa = PBXFileReference; lastKnownFileType = sourcecode.swift; path = StoredViewController.swift; sourceTree = "<group>"; };
		3B7772BB25A18D6800CF2905 /* StoredViewController.xib */ = {isa = PBXFileReference; lastKnownFileType = file.xib; path = StoredViewController.xib; sourceTree = "<group>"; };
		3B7772BF25A18D7400CF2905 /* MyInfoViewController.swift */ = {isa = PBXFileReference; lastKnownFileType = sourcecode.swift; path = MyInfoViewController.swift; sourceTree = "<group>"; };
		3B7772C025A18D7400CF2905 /* MyInfoViewController.xib */ = {isa = PBXFileReference; lastKnownFileType = file.xib; path = MyInfoViewController.xib; sourceTree = "<group>"; };
		3B7EF04425A2E3C70003C210 /* BtnCollectionViewCell.swift */ = {isa = PBXFileReference; lastKnownFileType = sourcecode.swift; path = BtnCollectionViewCell.swift; sourceTree = "<group>"; };
		3B7EF04525A2E3C70003C210 /* BtnCollectionViewCell.xib */ = {isa = PBXFileReference; lastKnownFileType = file.xib; path = BtnCollectionViewCell.xib; sourceTree = "<group>"; };
		3B7EF0EE25A2E7500003C210 /* MainCollectionViewCell.swift */ = {isa = PBXFileReference; lastKnownFileType = sourcecode.swift; path = MainCollectionViewCell.swift; sourceTree = "<group>"; };
		3B7EF0EF25A2E7500003C210 /* MainCollectionViewCell.xib */ = {isa = PBXFileReference; lastKnownFileType = file.xib; path = MainCollectionViewCell.xib; sourceTree = "<group>"; };
		3B885A5425A5701300C73854 /* LogInResponse.swift */ = {isa = PBXFileReference; lastKnownFileType = sourcecode.swift; path = LogInResponse.swift; sourceTree = "<group>"; };
		3B885A5725A578DF00C73854 /* AutoLogInResponse.swift */ = {isa = PBXFileReference; lastKnownFileType = sourcecode.swift; path = AutoLogInResponse.swift; sourceTree = "<group>"; };
		3B885A5B25A5871E00C73854 /* DailyBigCollectionViewCell.swift */ = {isa = PBXFileReference; lastKnownFileType = sourcecode.swift; path = DailyBigCollectionViewCell.swift; sourceTree = "<group>"; };
		3B885A5C25A5871E00C73854 /* DailyBigCollectionViewCell.xib */ = {isa = PBXFileReference; lastKnownFileType = file.xib; path = DailyBigCollectionViewCell.xib; sourceTree = "<group>"; };
		3BC4DDB225A82875000ABF0C /* CategorySearchGetManager.swift */ = {isa = PBXFileReference; lastKnownFileType = sourcecode.swift; path = CategorySearchGetManager.swift; sourceTree = "<group>"; };
		3BC4DDB725A84455000ABF0C /* CommonGetDataManager.swift */ = {isa = PBXFileReference; lastKnownFileType = sourcecode.swift; path = CommonGetDataManager.swift; sourceTree = "<group>"; };
		3BC4DDBB25A8491F000ABF0C /* FripDetailResponse.swift */ = {isa = PBXFileReference; lastKnownFileType = sourcecode.swift; path = FripDetailResponse.swift; sourceTree = "<group>"; };
		3BD4CCCC25A8A441009B03C6 /* CommentShowCollectionViewCell.swift */ = {isa = PBXFileReference; lastKnownFileType = sourcecode.swift; path = CommentShowCollectionViewCell.swift; sourceTree = "<group>"; };
		3BD4CCCD25A8A441009B03C6 /* CommentShowCollectionViewCell.xib */ = {isa = PBXFileReference; lastKnownFileType = file.xib; path = CommentShowCollectionViewCell.xib; sourceTree = "<group>"; };
		3BE3FE6425A31E8C00F49E0C /* HeaderCollectionReusableView.swift */ = {isa = PBXFileReference; lastKnownFileType = sourcecode.swift; path = HeaderCollectionReusableView.swift; sourceTree = "<group>"; };
		3BEEBBE525A88A2400343B34 /* CommentHeaderCollectionViewCell.swift */ = {isa = PBXFileReference; lastKnownFileType = sourcecode.swift; path = CommentHeaderCollectionViewCell.swift; sourceTree = "<group>"; };
		3BEEBBE625A88A2400343B34 /* CommentHeaderCollectionViewCell.xib */ = {isa = PBXFileReference; lastKnownFileType = file.xib; path = CommentHeaderCollectionViewCell.xib; sourceTree = "<group>"; };
		3BF8BAB625A994A4005E3FB7 /* HostMainViewController.swift */ = {isa = PBXFileReference; lastKnownFileType = sourcecode.swift; path = HostMainViewController.swift; sourceTree = "<group>"; };
		3BF8BAB725A994A4005E3FB7 /* HostMainViewController.xib */ = {isa = PBXFileReference; lastKnownFileType = file.xib; path = HostMainViewController.xib; sourceTree = "<group>"; };
		3BF8BABB25A99A34005E3FB7 /* FripCollectionReusableView.swift */ = {isa = PBXFileReference; lastKnownFileType = sourcecode.swift; path = FripCollectionReusableView.swift; sourceTree = "<group>"; };
		3BF8BABF25A9A31B005E3FB7 /* HostTextCollectionViewCell.swift */ = {isa = PBXFileReference; lastKnownFileType = sourcecode.swift; path = HostTextCollectionViewCell.swift; sourceTree = "<group>"; };
		3BF8BAC025A9A31B005E3FB7 /* HostTextCollectionViewCell.xib */ = {isa = PBXFileReference; lastKnownFileType = file.xib; path = HostTextCollectionViewCell.xib; sourceTree = "<group>"; };
		3BF8BAC425A9A446005E3FB7 /* HostButtonCollectionViewCell.swift */ = {isa = PBXFileReference; lastKnownFileType = sourcecode.swift; path = HostButtonCollectionViewCell.swift; sourceTree = "<group>"; };
		3BF8BAC525A9A446005E3FB7 /* HostButtonCollectionViewCell.xib */ = {isa = PBXFileReference; lastKnownFileType = file.xib; path = HostButtonCollectionViewCell.xib; sourceTree = "<group>"; };
		3BFDD01B25A6F9350079B29D /* HomePostResponse.swift */ = {isa = PBXFileReference; lastKnownFileType = sourcecode.swift; path = HomePostResponse.swift; sourceTree = "<group>"; };
		3BFDD01E25A6FA020079B29D /* FripSave.swift */ = {isa = PBXFileReference; lastKnownFileType = sourcecode.swift; path = FripSave.swift; sourceTree = "<group>"; };
		3BFDD02625A6FE0E0079B29D /* IndicatorCollectionViewCell.swift */ = {isa = PBXFileReference; lastKnownFileType = sourcecode.swift; path = IndicatorCollectionViewCell.swift; sourceTree = "<group>"; };
		3BFDD02725A6FE0E0079B29D /* IndicatorCollectionViewCell.xib */ = {isa = PBXFileReference; lastKnownFileType = file.xib; path = IndicatorCollectionViewCell.xib; sourceTree = "<group>"; };
		3BFDD02B25A707520079B29D /* FripImageCollectionViewCell.swift */ = {isa = PBXFileReference; lastKnownFileType = sourcecode.swift; path = FripImageCollectionViewCell.swift; sourceTree = "<group>"; };
		3BFDD02C25A707520079B29D /* FripImageCollectionViewCell.xib */ = {isa = PBXFileReference; lastKnownFileType = file.xib; path = FripImageCollectionViewCell.xib; sourceTree = "<group>"; };
		3BFDD03025A707FE0079B29D /* FripShowCollectionViewCell.swift */ = {isa = PBXFileReference; lastKnownFileType = sourcecode.swift; path = FripShowCollectionViewCell.swift; sourceTree = "<group>"; };
		3BFDD03125A707FE0079B29D /* FripShowCollectionViewCell.xib */ = {isa = PBXFileReference; lastKnownFileType = file.xib; path = FripShowCollectionViewCell.xib; sourceTree = "<group>"; };
		3BFDD03B25A725870079B29D /* FripCommentCollectionViewCell.swift */ = {isa = PBXFileReference; lastKnownFileType = sourcecode.swift; path = FripCommentCollectionViewCell.swift; sourceTree = "<group>"; };
		3BFDD03C25A725870079B29D /* FripCommentCollectionViewCell.xib */ = {isa = PBXFileReference; lastKnownFileType = file.xib; path = FripCommentCollectionViewCell.xib; sourceTree = "<group>"; };
		3E97CE3C177AB129A6888CC5 /* Pods-Frip.debug.xcconfig */ = {isa = PBXFileReference; includeInIndex = 1; lastKnownFileType = text.xcconfig; name = "Pods-Frip.debug.xcconfig"; path = "Target Support Files/Pods-Frip/Pods-Frip.debug.xcconfig"; sourceTree = "<group>"; };
		76D72DBCA516049EA41A0AAA /* Pods-Frip.release.xcconfig */ = {isa = PBXFileReference; includeInIndex = 1; lastKnownFileType = text.xcconfig; name = "Pods-Frip.release.xcconfig"; path = "Target Support Files/Pods-Frip/Pods-Frip.release.xcconfig"; sourceTree = "<group>"; };
		8FBA4537F4C1AE15CFCC8F7A /* Pods_Frip.framework */ = {isa = PBXFileReference; explicitFileType = wrapper.framework; includeInIndex = 0; path = Pods_Frip.framework; sourceTree = BUILT_PRODUCTS_DIR; };
/* End PBXFileReference section */

/* Begin PBXFrameworksBuildPhase section */
		3B7771F325A0726000CF2905 /* Frameworks */ = {
			isa = PBXFrameworksBuildPhase;
			buildActionMask = 2147483647;
			files = (
				F2E6D8BE50CDFE9B21315D05 /* Pods_Frip.framework in Frameworks */,
			);
			runOnlyForDeploymentPostprocessing = 0;
		};
/* End PBXFrameworksBuildPhase section */

/* Begin PBXGroup section */
		3B3B5CCE25A43EE400719FA7 /* CategorySearch */ = {
			isa = PBXGroup;
			children = (
				3BC4DDB125A8274C000ABF0C /* DataManager */,
				3B3B5CD925A543D900719FA7 /* cell */,
				3B3B5CD425A43FCF00719FA7 /* CategorySearchViewController.swift */,
				3B3B5CD525A43FCF00719FA7 /* CategorySearchViewController.xib */,
			);
			path = CategorySearch;
			sourceTree = "<group>";
		};
		3B3B5CD925A543D900719FA7 /* cell */ = {
			isa = PBXGroup;
			children = (
				3B3B5CDA25A543FB00719FA7 /* SmallCategoryCollectionViewCell.swift */,
				3B3B5CDB25A543FB00719FA7 /* SmallCategoryCollectionViewCell.xib */,
			);
			path = cell;
			sourceTree = "<group>";
		};
		3B3F31C225A339D100EE22C5 /* Cell */ = {
			isa = PBXGroup;
			children = (
				3B3F31C325A339EC00EE22C5 /* CategoryCollectionViewCell.swift */,
				3B3F31C425A339EC00EE22C5 /* CategoryCollectionViewCell.xib */,
			);
			path = Cell;
			sourceTree = "<group>";
		};
		3B3F31ED25A38E1300EE22C5 /* Cell */ = {
			isa = PBXGroup;
			children = (
				3B3F320D25A41FC900EE22C5 /* NoneCollectionViewCell.swift */,
				3B3F320E25A41FC900EE22C5 /* NoneCollectionViewCell.xib */,
				3B3F321225A42FE400EE22C5 /* HostCollectionViewCell.swift */,
				3B3F321325A42FE400EE22C5 /* HostCollectionViewCell.xib */,
			);
			path = Cell;
			sourceTree = "<group>";
		};
		3B3F320025A3989300EE22C5 /* VC */ = {
			isa = PBXGroup;
			children = (
				3B3F320125A398A800EE22C5 /* SaveHostViewController.swift */,
				3B3F320225A398A800EE22C5 /* SaveHostViewController.xib */,
				3B3F320725A398B300EE22C5 /* SaveFripViewController.swift */,
				3B3F320825A398B300EE22C5 /* SaveFripViewController.xib */,
			);
			path = VC;
			sourceTree = "<group>";
		};
		3B44FE0825A6037500B85451 /* SubViewController */ = {
			isa = PBXGroup;
			children = (
				3B066B5525A23C33002100A9 /* RecViewController.swift */,
				3B066B5625A23C33002100A9 /* RecViewController.xib */,
				3B066B5A25A23C3E002100A9 /* DailyViewController.swift */,
				3B066B5B25A23C3E002100A9 /* DailyViewController.xib */,
				3B066B5F25A23C60002100A9 /* BestViewController.swift */,
				3B066B6025A23C60002100A9 /* BestViewController.xib */,
			);
			path = SubViewController;
			sourceTree = "<group>";
		};
		3B56C54C25A60B0800C45B0E /* Common */ = {
			isa = PBXGroup;
			children = (
				3BC4DDBE25A8492C000ABF0C /* Entity */,
				3BC4DDB625A84446000ABF0C /* DataManager */,
				3BFDD02125A6FDE50079B29D /* Cell */,
				3B56C54E25A61C9B00C45B0E /* FripShowViewController.swift */,
				3B56C54F25A61C9B00C45B0E /* FripShowViewController.xib */,
				3B0947B625A8846C0084EBC9 /* FripCommentViewController.swift */,
				3B0947B725A8846C0084EBC9 /* FripCommentViewController.xib */,
				3BF8BAB625A994A4005E3FB7 /* HostMainViewController.swift */,
				3BF8BAB725A994A4005E3FB7 /* HostMainViewController.xib */,
			);
			path = Common;
			sourceTree = "<group>";
		};
		3B56C55325A6D60400C45B0E /* DataManager */ = {
			isa = PBXGroup;
			children = (
				3B56C55525A6D62900C45B0E /* HomeGetResponse.swift */,
				3BFDD01B25A6F9350079B29D /* HomePostResponse.swift */,
			);
			path = DataManager;
			sourceTree = "<group>";
		};
		3B56C55425A6D60B00C45B0E /* Entity */ = {
			isa = PBXGroup;
			children = (
				3B56C55825A6D86700C45B0E /* MainFrip.swift */,
				3BFDD01E25A6FA020079B29D /* FripSave.swift */,
			);
			path = Entity;
			sourceTree = "<group>";
		};
		3B7771ED25A0726000CF2905 = {
			isa = PBXGroup;
			children = (
				3B7771F825A0726000CF2905 /* Frip */,
				3B7771F725A0726000CF2905 /* Products */,
				C8717B1EA4C88EBE2210B86E /* Pods */,
				AB81A9386B2D2F0E9435FD6C /* Frameworks */,
			);
			sourceTree = "<group>";
		};
		3B7771F725A0726000CF2905 /* Products */ = {
			isa = PBXGroup;
			children = (
				3B7771F625A0726000CF2905 /* Frip.app */,
			);
			name = Products;
			sourceTree = "<group>";
		};
		3B7771F825A0726000CF2905 /* Frip */ = {
			isa = PBXGroup;
			children = (
				3B56C54C25A60B0800C45B0E /* Common */,
				3B3B5CCE25A43EE400719FA7 /* CategorySearch */,
				3B7772A625A18D0D00CF2905 /* MyInfo */,
				3B7772A525A18CFF00CF2905 /* Stored */,
				3B7772A425A18CE900CF2905 /* Feed */,
				3B7772A325A18CE200CF2905 /* Category */,
				3B77729E25A1878000CF2905 /* Home */,
				3B77728825A0AC2900CF2905 /* Main */,
				3B77724625A0A4CB00CF2905 /* Configuration */,
				3B7771F925A0726000CF2905 /* AppDelegate.swift */,
				3B7771FB25A0726000CF2905 /* SceneDelegate.swift */,
				3B77720225A0726200CF2905 /* Assets.xcassets */,
				3B77720425A0726200CF2905 /* LaunchScreen.storyboard */,
				3B77720725A0726200CF2905 /* Info.plist */,
			);
			path = Frip;
			sourceTree = "<group>";
		};
		3B77724625A0A4CB00CF2905 /* Configuration */ = {
			isa = PBXGroup;
			children = (
				3B77728025A0A8C500CF2905 /* Base */,
				3B77727925A0A86500CF2905 /* CommonClass */,
				3B77725A25A0A5D600CF2905 /* Extension */,
				3B77725325A0A5A900CF2905 /* Secret */,
				3B77724825A0A54600CF2905 /* Font */,
				3B77725025A0A58C00CF2905 /* Constant.swift */,
			);
			path = Configuration;
			sourceTree = "<group>";
		};
		3B77724825A0A54600CF2905 /* Font */ = {
			isa = PBXGroup;
			children = (
				3B77724925A0A54600CF2905 /* NotoSansCJKkr-Medium.otf */,
				3B77724A25A0A54600CF2905 /* NotoSansCJKkr-Regular.otf */,
				3B77724B25A0A54600CF2905 /* NotoSansCJKkr-Bold.otf */,
			);
			path = Font;
			sourceTree = "<group>";
		};
		3B77725325A0A5A900CF2905 /* Secret */ = {
			isa = PBXGroup;
			children = (
				3B77725425A0A5B300CF2905 /* Key.swift */,
			);
			path = Secret;
			sourceTree = "<group>";
		};
		3B77725A25A0A5D600CF2905 /* Extension */ = {
			isa = PBXGroup;
			children = (
				3B77726725A0A70900CF2905 /* Color.swift */,
				3B77726925A0A70900CF2905 /* Date.swift */,
				3B77726825A0A70900CF2905 /* String.swift */,
				3B77726B25A0A70900CF2905 /* UIButton.swift */,
				3B77726C25A0A70900CF2905 /* UIFont.swift */,
				3B77726D25A0A70A00CF2905 /* UINavigationBar.swift */,
				3B77726A25A0A70900CF2905 /* UIView.swift */,
				3B77726E25A0A70A00CF2905 /* UIViewController.swift */,
				3B1AA24125A59C650020E967 /* UICollectionView.swift */,
			);
			path = Extension;
			sourceTree = "<group>";
		};
		3B77727925A0A86500CF2905 /* CommonClass */ = {
			isa = PBXGroup;
			children = (
				3B77727A25A0A87A00CF2905 /* IndicatorView.swift */,
				3B77727D25A0A88E00CF2905 /* Device.swift */,
			);
			path = CommonClass;
			sourceTree = "<group>";
		};
		3B77728025A0A8C500CF2905 /* Base */ = {
			isa = PBXGroup;
			children = (
				3B77728125A0A8CE00CF2905 /* BaseViewController.swift */,
				3B77729F25A189DC00CF2905 /* BaseTabBarViewController.swift */,
			);
			path = Base;
			sourceTree = "<group>";
		};
		3B77728825A0AC2900CF2905 /* Main */ = {
			isa = PBXGroup;
			children = (
				3B77729925A0E44100CF2905 /* DataManager */,
				3B77729525A0E06200CF2905 /* Entity */,
				3B77728925A0AC4000CF2905 /* MainViewController.swift */,
				3B77728A25A0AC4000CF2905 /* MainViewController.xib */,
			);
			path = Main;
			sourceTree = "<group>";
		};
		3B77729525A0E06200CF2905 /* Entity */ = {
			isa = PBXGroup;
			children = (
				3B77729625A0E08800CF2905 /* SignInResponse.swift */,
				3B885A5425A5701300C73854 /* LogInResponse.swift */,
				3B885A5725A578DF00C73854 /* AutoLogInResponse.swift */,
			);
			path = Entity;
			sourceTree = "<group>";
		};
		3B77729925A0E44100CF2905 /* DataManager */ = {
			isa = PBXGroup;
			children = (
				3B77729A25A0E45A00CF2905 /* MainDataManager.swift */,
				3B3F31BF25A3376700EE22C5 /* MainPostDataManager.swift */,
			);
			path = DataManager;
			sourceTree = "<group>";
		};
		3B77729E25A1878000CF2905 /* Home */ = {
			isa = PBXGroup;
			children = (
				3B56C55425A6D60B00C45B0E /* Entity */,
				3B56C55325A6D60400C45B0E /* DataManager */,
				3B44FE0825A6037500B85451 /* SubViewController */,
				3B885A5A25A586FC00C73854 /* Cell */,
				3B066B4A25A2375E002100A9 /* HomeViewController.swift */,
				3B066B4B25A2375E002100A9 /* HomeViewController.xib */,
			);
			path = Home;
			sourceTree = "<group>";
		};
		3B7772A325A18CE200CF2905 /* Category */ = {
			isa = PBXGroup;
			children = (
				3B3F31C225A339D100EE22C5 /* Cell */,
				3B7772B025A18D5200CF2905 /* CategoryViewController.swift */,
				3B7772B125A18D5200CF2905 /* CategoryViewController.xib */,
			);
			path = Category;
			sourceTree = "<group>";
		};
		3B7772A425A18CE900CF2905 /* Feed */ = {
			isa = PBXGroup;
			children = (
				3B7772B525A18D5E00CF2905 /* FeedViewController.swift */,
				3B7772B625A18D5E00CF2905 /* FeedViewController.xib */,
			);
			path = Feed;
			sourceTree = "<group>";
		};
		3B7772A525A18CFF00CF2905 /* Stored */ = {
			isa = PBXGroup;
			children = (
				3B3F320025A3989300EE22C5 /* VC */,
				3B3F31ED25A38E1300EE22C5 /* Cell */,
				3B7772BA25A18D6800CF2905 /* StoredViewController.swift */,
				3B7772BB25A18D6800CF2905 /* StoredViewController.xib */,
			);
			path = Stored;
			sourceTree = "<group>";
		};
		3B7772A625A18D0D00CF2905 /* MyInfo */ = {
			isa = PBXGroup;
			children = (
				3B7772BF25A18D7400CF2905 /* MyInfoViewController.swift */,
				3B7772C025A18D7400CF2905 /* MyInfoViewController.xib */,
			);
			path = MyInfo;
			sourceTree = "<group>";
		};
		3B885A5A25A586FC00C73854 /* Cell */ = {
			isa = PBXGroup;
			children = (
				3B7EF04425A2E3C70003C210 /* BtnCollectionViewCell.swift */,
				3B7EF04525A2E3C70003C210 /* BtnCollectionViewCell.xib */,
				3B7EF0EE25A2E7500003C210 /* MainCollectionViewCell.swift */,
				3B7EF0EF25A2E7500003C210 /* MainCollectionViewCell.xib */,
				3BE3FE6425A31E8C00F49E0C /* HeaderCollectionReusableView.swift */,
				3B3F31C925A37B6100EE22C5 /* labelCollectionViewCell.swift */,
				3B3F31CA25A37B6100EE22C5 /* labelCollectionViewCell.xib */,
				3B885A5B25A5871E00C73854 /* DailyBigCollectionViewCell.swift */,
				3B885A5C25A5871E00C73854 /* DailyBigCollectionViewCell.xib */,
				3B1AA24C25A5B1590020E967 /* DailyButtonCollectionViewCell.swift */,
				3B1AA24D25A5B1590020E967 /* DailyButtonCollectionViewCell.xib */,
				3B44FE0225A5F85500B85451 /* BestButtonCollectionViewCell.swift */,
				3B44FE0325A5F85500B85451 /* BestButtonCollectionViewCell.xib */,
			);
			path = Cell;
			sourceTree = "<group>";
		};
		3BC4DDB125A8274C000ABF0C /* DataManager */ = {
			isa = PBXGroup;
			children = (
				3BC4DDB225A82875000ABF0C /* CategorySearchGetManager.swift */,
			);
			path = DataManager;
			sourceTree = "<group>";
		};
		3BC4DDB625A84446000ABF0C /* DataManager */ = {
			isa = PBXGroup;
			children = (
				3BC4DDB725A84455000ABF0C /* CommonGetDataManager.swift */,
				3B0947AF25A880490084EBC9 /* CommonPostDataManager.swift */,
			);
			path = DataManager;
			sourceTree = "<group>";
		};
		3BC4DDBE25A8492C000ABF0C /* Entity */ = {
			isa = PBXGroup;
			children = (
				3BC4DDBB25A8491F000ABF0C /* FripDetailResponse.swift */,
				3B24D81C25A9452800A4A002 /* FripCommentResponse.swift */,
			);
			path = Entity;
			sourceTree = "<group>";
		};
		3BEF49D025A8878C00BC93BF /* FripShowCell */ = {
			isa = PBXGroup;
			children = (
				3BFDD02B25A707520079B29D /* FripImageCollectionViewCell.swift */,
				3BFDD02C25A707520079B29D /* FripImageCollectionViewCell.xib */,
				3BFDD03025A707FE0079B29D /* FripShowCollectionViewCell.swift */,
				3BFDD03125A707FE0079B29D /* FripShowCollectionViewCell.xib */,
				3BFDD03B25A725870079B29D /* FripCommentCollectionViewCell.swift */,
				3BFDD03C25A725870079B29D /* FripCommentCollectionViewCell.xib */,
				3B0947AA25A8702D0084EBC9 /* FripIntroCollectionViewCell.swift */,
				3B0947AB25A8702D0084EBC9 /* FripIntroCollectionViewCell.xib */,
			);
			path = FripShowCell;
			sourceTree = "<group>";
		};
		3BEF49D125A887A300BC93BF /* FripCommentCell */ = {
			isa = PBXGroup;
			children = (
				3BEEBBE525A88A2400343B34 /* CommentHeaderCollectionViewCell.swift */,
				3BEEBBE625A88A2400343B34 /* CommentHeaderCollectionViewCell.xib */,
				3BD4CCCC25A8A441009B03C6 /* CommentShowCollectionViewCell.swift */,
				3BD4CCCD25A8A441009B03C6 /* CommentShowCollectionViewCell.xib */,
			);
			path = FripCommentCell;
			sourceTree = "<group>";
		};
		3BF8BABE25A9A2ED005E3FB7 /* HostMainCell */ = {
			isa = PBXGroup;
			children = (
				3BF8BABF25A9A31B005E3FB7 /* HostTextCollectionViewCell.swift */,
				3BF8BAC025A9A31B005E3FB7 /* HostTextCollectionViewCell.xib */,
				3BF8BAC425A9A446005E3FB7 /* HostButtonCollectionViewCell.swift */,
				3BF8BAC525A9A446005E3FB7 /* HostButtonCollectionViewCell.xib */,
			);
			path = HostMainCell;
			sourceTree = "<group>";
		};
		3BFDD02125A6FDE50079B29D /* Cell */ = {
			isa = PBXGroup;
			children = (
				3BF8BABE25A9A2ED005E3FB7 /* HostMainCell */,
				3BEF49D125A887A300BC93BF /* FripCommentCell */,
				3BEF49D025A8878C00BC93BF /* FripShowCell */,
				3BFDD02625A6FE0E0079B29D /* IndicatorCollectionViewCell.swift */,
				3BFDD02725A6FE0E0079B29D /* IndicatorCollectionViewCell.xib */,
				3BF8BABB25A99A34005E3FB7 /* FripCollectionReusableView.swift */,
			);
			path = Cell;
			sourceTree = "<group>";
		};
		AB81A9386B2D2F0E9435FD6C /* Frameworks */ = {
			isa = PBXGroup;
			children = (
				8FBA4537F4C1AE15CFCC8F7A /* Pods_Frip.framework */,
			);
			name = Frameworks;
			sourceTree = "<group>";
		};
		C8717B1EA4C88EBE2210B86E /* Pods */ = {
			isa = PBXGroup;
			children = (
				3E97CE3C177AB129A6888CC5 /* Pods-Frip.debug.xcconfig */,
				76D72DBCA516049EA41A0AAA /* Pods-Frip.release.xcconfig */,
			);
			path = Pods;
			sourceTree = "<group>";
		};
/* End PBXGroup section */

/* Begin PBXNativeTarget section */
		3B7771F525A0726000CF2905 /* Frip */ = {
			isa = PBXNativeTarget;
			buildConfigurationList = 3B77720A25A0726200CF2905 /* Build configuration list for PBXNativeTarget "Frip" */;
			buildPhases = (
				A9522DB5286336D3776C3FEC /* [CP] Check Pods Manifest.lock */,
				3B7771F225A0726000CF2905 /* Sources */,
				3B7771F325A0726000CF2905 /* Frameworks */,
				3B7771F425A0726000CF2905 /* Resources */,
				805DD0581498F5EE390C04C8 /* [CP] Embed Pods Frameworks */,
			);
			buildRules = (
			);
			dependencies = (
			);
			name = Frip;
			productName = Frip;
			productReference = 3B7771F625A0726000CF2905 /* Frip.app */;
			productType = "com.apple.product-type.application";
		};
/* End PBXNativeTarget section */

/* Begin PBXProject section */
		3B7771EE25A0726000CF2905 /* Project object */ = {
			isa = PBXProject;
			attributes = {
				LastSwiftUpdateCheck = 1230;
				LastUpgradeCheck = 1230;
				TargetAttributes = {
					3B7771F525A0726000CF2905 = {
						CreatedOnToolsVersion = 12.3;
					};
				};
			};
			buildConfigurationList = 3B7771F125A0726000CF2905 /* Build configuration list for PBXProject "Frip" */;
			compatibilityVersion = "Xcode 9.3";
			developmentRegion = en;
			hasScannedForEncodings = 0;
			knownRegions = (
				en,
				Base,
			);
			mainGroup = 3B7771ED25A0726000CF2905;
			productRefGroup = 3B7771F725A0726000CF2905 /* Products */;
			projectDirPath = "";
			projectRoot = "";
			targets = (
				3B7771F525A0726000CF2905 /* Frip */,
			);
		};
/* End PBXProject section */

/* Begin PBXResourcesBuildPhase section */
		3B7771F425A0726000CF2905 /* Resources */ = {
			isa = PBXResourcesBuildPhase;
			buildActionMask = 2147483647;
			files = (
				3B885A5E25A5871E00C73854 /* DailyBigCollectionViewCell.xib in Resources */,
				3B7772C225A18D7400CF2905 /* MyInfoViewController.xib in Resources */,
				3B3F31CC25A37B6100EE22C5 /* labelCollectionViewCell.xib in Resources */,
				3B0947B925A8846C0084EBC9 /* FripCommentViewController.xib in Resources */,
				3B3B5CDD25A543FB00719FA7 /* SmallCategoryCollectionViewCell.xib in Resources */,
				3B7772B325A18D5200CF2905 /* CategoryViewController.xib in Resources */,
				3B77724D25A0A54600CF2905 /* NotoSansCJKkr-Regular.otf in Resources */,
				3B77728C25A0AC4000CF2905 /* MainViewController.xib in Resources */,
				3B77720625A0726200CF2905 /* LaunchScreen.storyboard in Resources */,
				3B7772B825A18D5E00CF2905 /* FeedViewController.xib in Resources */,
				3BFDD02E25A707520079B29D /* FripImageCollectionViewCell.xib in Resources */,
				3B24D81A25A8B76300A4A002 /* CommentShowCollectionViewCell.xib in Resources */,
				3B3B5CD725A43FCF00719FA7 /* CategorySearchViewController.xib in Resources */,
				3BF8BAC225A9A31B005E3FB7 /* HostTextCollectionViewCell.xib in Resources */,
				3B0947AD25A8702D0084EBC9 /* FripIntroCollectionViewCell.xib in Resources */,
				3B1AA24F25A5B1590020E967 /* DailyButtonCollectionViewCell.xib in Resources */,
				3B066B6225A23C60002100A9 /* BestViewController.xib in Resources */,
				3BFDD02925A6FE0E0079B29D /* IndicatorCollectionViewCell.xib in Resources */,
				3B3F321025A41FC900EE22C5 /* NoneCollectionViewCell.xib in Resources */,
				3B7EF0F125A2E7500003C210 /* MainCollectionViewCell.xib in Resources */,
				3B7772BD25A18D6800CF2905 /* StoredViewController.xib in Resources */,
				3B3F320A25A398B300EE22C5 /* SaveFripViewController.xib in Resources */,
				3B77720325A0726200CF2905 /* Assets.xcassets in Resources */,
				3B77724C25A0A54600CF2905 /* NotoSansCJKkr-Medium.otf in Resources */,
				3BF8BAB925A994A4005E3FB7 /* HostMainViewController.xib in Resources */,
				3B44FE0525A5F85500B85451 /* BestButtonCollectionViewCell.xib in Resources */,
				3B77724E25A0A54600CF2905 /* NotoSansCJKkr-Bold.otf in Resources */,
				3B56C55125A61C9B00C45B0E /* FripShowViewController.xib in Resources */,
				3BFDD03E25A725870079B29D /* FripCommentCollectionViewCell.xib in Resources */,
				3BF8BAC725A9A446005E3FB7 /* HostButtonCollectionViewCell.xib in Resources */,
				3B24D81725A8B74B00A4A002 /* CommentHeaderCollectionViewCell.xib in Resources */,
				3B066B5D25A23C3E002100A9 /* DailyViewController.xib in Resources */,
				3B7EF04725A2E3C70003C210 /* BtnCollectionViewCell.xib in Resources */,
				3B3F31C625A339EC00EE22C5 /* CategoryCollectionViewCell.xib in Resources */,
				3BFDD03325A707FE0079B29D /* FripShowCollectionViewCell.xib in Resources */,
				3B3F321525A42FE400EE22C5 /* HostCollectionViewCell.xib in Resources */,
				3B066B4D25A2375E002100A9 /* HomeViewController.xib in Resources */,
				3B3F320425A398A800EE22C5 /* SaveHostViewController.xib in Resources */,
				3B066B5825A23C33002100A9 /* RecViewController.xib in Resources */,
			);
			runOnlyForDeploymentPostprocessing = 0;
		};
/* End PBXResourcesBuildPhase section */

/* Begin PBXShellScriptBuildPhase section */
		805DD0581498F5EE390C04C8 /* [CP] Embed Pods Frameworks */ = {
			isa = PBXShellScriptBuildPhase;
			buildActionMask = 2147483647;
			files = (
			);
			inputFileListPaths = (
				"${PODS_ROOT}/Target Support Files/Pods-Frip/Pods-Frip-frameworks-${CONFIGURATION}-input-files.xcfilelist",
			);
			name = "[CP] Embed Pods Frameworks";
			outputFileListPaths = (
				"${PODS_ROOT}/Target Support Files/Pods-Frip/Pods-Frip-frameworks-${CONFIGURATION}-output-files.xcfilelist",
			);
			runOnlyForDeploymentPostprocessing = 0;
			shellPath = /bin/sh;
			shellScript = "\"${PODS_ROOT}/Target Support Files/Pods-Frip/Pods-Frip-frameworks.sh\"\n";
			showEnvVarsInLog = 0;
		};
		A9522DB5286336D3776C3FEC /* [CP] Check Pods Manifest.lock */ = {
			isa = PBXShellScriptBuildPhase;
			buildActionMask = 2147483647;
			files = (
			);
			inputFileListPaths = (
			);
			inputPaths = (
				"${PODS_PODFILE_DIR_PATH}/Podfile.lock",
				"${PODS_ROOT}/Manifest.lock",
			);
			name = "[CP] Check Pods Manifest.lock";
			outputFileListPaths = (
			);
			outputPaths = (
				"$(DERIVED_FILE_DIR)/Pods-Frip-checkManifestLockResult.txt",
			);
			runOnlyForDeploymentPostprocessing = 0;
			shellPath = /bin/sh;
			shellScript = "diff \"${PODS_PODFILE_DIR_PATH}/Podfile.lock\" \"${PODS_ROOT}/Manifest.lock\" > /dev/null\nif [ $? != 0 ] ; then\n    # print error to STDERR\n    echo \"error: The sandbox is not in sync with the Podfile.lock. Run 'pod install' or update your CocoaPods installation.\" >&2\n    exit 1\nfi\n# This output is used by Xcode 'outputs' to avoid re-running this script phase.\necho \"SUCCESS\" > \"${SCRIPT_OUTPUT_FILE_0}\"\n";
			showEnvVarsInLog = 0;
		};
/* End PBXShellScriptBuildPhase section */

/* Begin PBXSourcesBuildPhase section */
		3B7771F225A0726000CF2905 /* Sources */ = {
			isa = PBXSourcesBuildPhase;
			buildActionMask = 2147483647;
			files = (
				3B3F31C525A339EC00EE22C5 /* CategoryCollectionViewCell.swift in Sources */,
				3BFDD01F25A6FA020079B29D /* FripSave.swift in Sources */,
				3B77725525A0A5B300CF2905 /* Key.swift in Sources */,
				3B7771FA25A0726000CF2905 /* AppDelegate.swift in Sources */,
				3B77727525A0A70A00CF2905 /* UINavigationBar.swift in Sources */,
				3B44FE0425A5F85500B85451 /* BestButtonCollectionViewCell.swift in Sources */,
				3B1AA24E25A5B1590020E967 /* DailyButtonCollectionViewCell.swift in Sources */,
				3B885A5D25A5871E00C73854 /* DailyBigCollectionViewCell.swift in Sources */,
				3B24D81D25A9452800A4A002 /* FripCommentResponse.swift in Sources */,
				3B77727125A0A70A00CF2905 /* Date.swift in Sources */,
				3B066B5C25A23C3E002100A9 /* DailyViewController.swift in Sources */,
				3B885A5825A578DF00C73854 /* AutoLogInResponse.swift in Sources */,
				3B3F320F25A41FC900EE22C5 /* NoneCollectionViewCell.swift in Sources */,
				3B3F31CB25A37B6100EE22C5 /* labelCollectionViewCell.swift in Sources */,
				3BF8BAC125A9A31B005E3FB7 /* HostTextCollectionViewCell.swift in Sources */,
				3BF8BABC25A99A34005E3FB7 /* FripCollectionReusableView.swift in Sources */,
				3B0947B825A8846C0084EBC9 /* FripCommentViewController.swift in Sources */,
				3B7EF04625A2E3C70003C210 /* BtnCollectionViewCell.swift in Sources */,
				3B7771FC25A0726000CF2905 /* SceneDelegate.swift in Sources */,
				3B77727325A0A70A00CF2905 /* UIButton.swift in Sources */,
				3B77729B25A0E45A00CF2905 /* MainDataManager.swift in Sources */,
				3BF8BAC625A9A446005E3FB7 /* HostButtonCollectionViewCell.swift in Sources */,
				3BC4DDB325A82875000ABF0C /* CategorySearchGetManager.swift in Sources */,
				3B56C55025A61C9B00C45B0E /* FripShowViewController.swift in Sources */,
				3BEEBBE725A88A2400343B34 /* CommentHeaderCollectionViewCell.swift in Sources */,
				3BFDD02825A6FE0E0079B29D /* IndicatorCollectionViewCell.swift in Sources */,
				3B0947AC25A8702D0084EBC9 /* FripIntroCollectionViewCell.swift in Sources */,
				3B77727625A0A70A00CF2905 /* UIViewController.swift in Sources */,
				3BF8BAB825A994A4005E3FB7 /* HostMainViewController.swift in Sources */,
				3B56C55925A6D86700C45B0E /* MainFrip.swift in Sources */,
				3B7772A025A189DC00CF2905 /* BaseTabBarViewController.swift in Sources */,
				3B77728B25A0AC4000CF2905 /* MainViewController.swift in Sources */,
				3B77727425A0A70A00CF2905 /* UIFont.swift in Sources */,
				3B066B4C25A2375E002100A9 /* HomeViewController.swift in Sources */,
				3B77729725A0E08800CF2905 /* SignInResponse.swift in Sources */,
				3B77727E25A0A88E00CF2905 /* Device.swift in Sources */,
				3B7EF0F025A2E7500003C210 /* MainCollectionViewCell.swift in Sources */,
				3B0947B025A880490084EBC9 /* CommonPostDataManager.swift in Sources */,
				3B3B5CD625A43FCF00719FA7 /* CategorySearchViewController.swift in Sources */,
				3B77727025A0A70A00CF2905 /* String.swift in Sources */,
				3BFDD03225A707FE0079B29D /* FripShowCollectionViewCell.swift in Sources */,
				3B77727B25A0A87A00CF2905 /* IndicatorView.swift in Sources */,
				3B3F320325A398A800EE22C5 /* SaveHostViewController.swift in Sources */,
				3B1AA24225A59C650020E967 /* UICollectionView.swift in Sources */,
				3B7772B225A18D5200CF2905 /* CategoryViewController.swift in Sources */,
				3B77725125A0A58C00CF2905 /* Constant.swift in Sources */,
				3BD4CCCE25A8A441009B03C6 /* CommentShowCollectionViewCell.swift in Sources */,
				3B56C55625A6D62900C45B0E /* HomeGetResponse.swift in Sources */,
				3B7772B725A18D5E00CF2905 /* FeedViewController.swift in Sources */,
				3BFDD02D25A707520079B29D /* FripImageCollectionViewCell.swift in Sources */,
				3B7772BC25A18D6800CF2905 /* StoredViewController.swift in Sources */,
				3B77728225A0A8CE00CF2905 /* BaseViewController.swift in Sources */,
				3B3F31C025A3376700EE22C5 /* MainPostDataManager.swift in Sources */,
				3BC4DDBC25A8491F000ABF0C /* FripDetailResponse.swift in Sources */,
				3BFDD01C25A6F9350079B29D /* HomePostResponse.swift in Sources */,
				3B885A5525A5701300C73854 /* LogInResponse.swift in Sources */,
				3B066B6125A23C60002100A9 /* BestViewController.swift in Sources */,
				3B066B5725A23C33002100A9 /* RecViewController.swift in Sources */,
				3B77727225A0A70A00CF2905 /* UIView.swift in Sources */,
				3B7772C125A18D7400CF2905 /* MyInfoViewController.swift in Sources */,
				3B3B5CDC25A543FB00719FA7 /* SmallCategoryCollectionViewCell.swift in Sources */,
				3BFDD03D25A725870079B29D /* FripCommentCollectionViewCell.swift in Sources */,
				3BC4DDB825A84455000ABF0C /* CommonGetDataManager.swift in Sources */,
				3B3F321425A42FE400EE22C5 /* HostCollectionViewCell.swift in Sources */,
				3BE3FE6525A31E8C00F49E0C /* HeaderCollectionReusableView.swift in Sources */,
				3B77726F25A0A70A00CF2905 /* Color.swift in Sources */,
				3B3F320925A398B300EE22C5 /* SaveFripViewController.swift in Sources */,
			);
			runOnlyForDeploymentPostprocessing = 0;
		};
/* End PBXSourcesBuildPhase section */

/* Begin PBXVariantGroup section */
		3B77720425A0726200CF2905 /* LaunchScreen.storyboard */ = {
			isa = PBXVariantGroup;
			children = (
				3B77720525A0726200CF2905 /* Base */,
			);
			name = LaunchScreen.storyboard;
			sourceTree = "<group>";
		};
/* End PBXVariantGroup section */

/* Begin XCBuildConfiguration section */
		3B77720825A0726200CF2905 /* Debug */ = {
			isa = XCBuildConfiguration;
			buildSettings = {
				ALWAYS_SEARCH_USER_PATHS = NO;
				CLANG_ANALYZER_NONNULL = YES;
				CLANG_ANALYZER_NUMBER_OBJECT_CONVERSION = YES_AGGRESSIVE;
				CLANG_CXX_LANGUAGE_STANDARD = "gnu++14";
				CLANG_CXX_LIBRARY = "libc++";
				CLANG_ENABLE_MODULES = YES;
				CLANG_ENABLE_OBJC_ARC = YES;
				CLANG_ENABLE_OBJC_WEAK = YES;
				CLANG_WARN_BLOCK_CAPTURE_AUTORELEASING = YES;
				CLANG_WARN_BOOL_CONVERSION = YES;
				CLANG_WARN_COMMA = YES;
				CLANG_WARN_CONSTANT_CONVERSION = YES;
				CLANG_WARN_DEPRECATED_OBJC_IMPLEMENTATIONS = YES;
				CLANG_WARN_DIRECT_OBJC_ISA_USAGE = YES_ERROR;
				CLANG_WARN_DOCUMENTATION_COMMENTS = YES;
				CLANG_WARN_EMPTY_BODY = YES;
				CLANG_WARN_ENUM_CONVERSION = YES;
				CLANG_WARN_INFINITE_RECURSION = YES;
				CLANG_WARN_INT_CONVERSION = YES;
				CLANG_WARN_NON_LITERAL_NULL_CONVERSION = YES;
				CLANG_WARN_OBJC_IMPLICIT_RETAIN_SELF = YES;
				CLANG_WARN_OBJC_LITERAL_CONVERSION = YES;
				CLANG_WARN_OBJC_ROOT_CLASS = YES_ERROR;
				CLANG_WARN_QUOTED_INCLUDE_IN_FRAMEWORK_HEADER = YES;
				CLANG_WARN_RANGE_LOOP_ANALYSIS = YES;
				CLANG_WARN_STRICT_PROTOTYPES = YES;
				CLANG_WARN_SUSPICIOUS_MOVE = YES;
				CLANG_WARN_UNGUARDED_AVAILABILITY = YES_AGGRESSIVE;
				CLANG_WARN_UNREACHABLE_CODE = YES;
				CLANG_WARN__DUPLICATE_METHOD_MATCH = YES;
				COPY_PHASE_STRIP = NO;
				DEBUG_INFORMATION_FORMAT = dwarf;
				ENABLE_STRICT_OBJC_MSGSEND = YES;
				ENABLE_TESTABILITY = YES;
				GCC_C_LANGUAGE_STANDARD = gnu11;
				GCC_DYNAMIC_NO_PIC = NO;
				GCC_NO_COMMON_BLOCKS = YES;
				GCC_OPTIMIZATION_LEVEL = 0;
				GCC_PREPROCESSOR_DEFINITIONS = (
					"DEBUG=1",
					"$(inherited)",
				);
				GCC_WARN_64_TO_32_BIT_CONVERSION = YES;
				GCC_WARN_ABOUT_RETURN_TYPE = YES_ERROR;
				GCC_WARN_UNDECLARED_SELECTOR = YES;
				GCC_WARN_UNINITIALIZED_AUTOS = YES_AGGRESSIVE;
				GCC_WARN_UNUSED_FUNCTION = YES;
				GCC_WARN_UNUSED_VARIABLE = YES;
				IPHONEOS_DEPLOYMENT_TARGET = 14.3;
				MTL_ENABLE_DEBUG_INFO = INCLUDE_SOURCE;
				MTL_FAST_MATH = YES;
				ONLY_ACTIVE_ARCH = YES;
				SDKROOT = iphoneos;
				SWIFT_ACTIVE_COMPILATION_CONDITIONS = DEBUG;
				SWIFT_OPTIMIZATION_LEVEL = "-Onone";
			};
			name = Debug;
		};
		3B77720925A0726200CF2905 /* Release */ = {
			isa = XCBuildConfiguration;
			buildSettings = {
				ALWAYS_SEARCH_USER_PATHS = NO;
				CLANG_ANALYZER_NONNULL = YES;
				CLANG_ANALYZER_NUMBER_OBJECT_CONVERSION = YES_AGGRESSIVE;
				CLANG_CXX_LANGUAGE_STANDARD = "gnu++14";
				CLANG_CXX_LIBRARY = "libc++";
				CLANG_ENABLE_MODULES = YES;
				CLANG_ENABLE_OBJC_ARC = YES;
				CLANG_ENABLE_OBJC_WEAK = YES;
				CLANG_WARN_BLOCK_CAPTURE_AUTORELEASING = YES;
				CLANG_WARN_BOOL_CONVERSION = YES;
				CLANG_WARN_COMMA = YES;
				CLANG_WARN_CONSTANT_CONVERSION = YES;
				CLANG_WARN_DEPRECATED_OBJC_IMPLEMENTATIONS = YES;
				CLANG_WARN_DIRECT_OBJC_ISA_USAGE = YES_ERROR;
				CLANG_WARN_DOCUMENTATION_COMMENTS = YES;
				CLANG_WARN_EMPTY_BODY = YES;
				CLANG_WARN_ENUM_CONVERSION = YES;
				CLANG_WARN_INFINITE_RECURSION = YES;
				CLANG_WARN_INT_CONVERSION = YES;
				CLANG_WARN_NON_LITERAL_NULL_CONVERSION = YES;
				CLANG_WARN_OBJC_IMPLICIT_RETAIN_SELF = YES;
				CLANG_WARN_OBJC_LITERAL_CONVERSION = YES;
				CLANG_WARN_OBJC_ROOT_CLASS = YES_ERROR;
				CLANG_WARN_QUOTED_INCLUDE_IN_FRAMEWORK_HEADER = YES;
				CLANG_WARN_RANGE_LOOP_ANALYSIS = YES;
				CLANG_WARN_STRICT_PROTOTYPES = YES;
				CLANG_WARN_SUSPICIOUS_MOVE = YES;
				CLANG_WARN_UNGUARDED_AVAILABILITY = YES_AGGRESSIVE;
				CLANG_WARN_UNREACHABLE_CODE = YES;
				CLANG_WARN__DUPLICATE_METHOD_MATCH = YES;
				COPY_PHASE_STRIP = NO;
				DEBUG_INFORMATION_FORMAT = "dwarf-with-dsym";
				ENABLE_NS_ASSERTIONS = NO;
				ENABLE_STRICT_OBJC_MSGSEND = YES;
				GCC_C_LANGUAGE_STANDARD = gnu11;
				GCC_NO_COMMON_BLOCKS = YES;
				GCC_WARN_64_TO_32_BIT_CONVERSION = YES;
				GCC_WARN_ABOUT_RETURN_TYPE = YES_ERROR;
				GCC_WARN_UNDECLARED_SELECTOR = YES;
				GCC_WARN_UNINITIALIZED_AUTOS = YES_AGGRESSIVE;
				GCC_WARN_UNUSED_FUNCTION = YES;
				GCC_WARN_UNUSED_VARIABLE = YES;
				IPHONEOS_DEPLOYMENT_TARGET = 14.3;
				MTL_ENABLE_DEBUG_INFO = NO;
				MTL_FAST_MATH = YES;
				SDKROOT = iphoneos;
				SWIFT_COMPILATION_MODE = wholemodule;
				SWIFT_OPTIMIZATION_LEVEL = "-O";
				VALIDATE_PRODUCT = YES;
			};
			name = Release;
		};
		3B77720B25A0726200CF2905 /* Debug */ = {
			isa = XCBuildConfiguration;
			baseConfigurationReference = 3E97CE3C177AB129A6888CC5 /* Pods-Frip.debug.xcconfig */;
			buildSettings = {
				ASSETCATALOG_COMPILER_APPICON_NAME = AppIcon;
				ASSETCATALOG_COMPILER_GLOBAL_ACCENT_COLOR_NAME = AccentColor;
				CODE_SIGN_STYLE = Automatic;
				INFOPLIST_FILE = Frip/Info.plist;
				LD_RUNPATH_SEARCH_PATHS = (
					"$(inherited)",
					"@executable_path/Frameworks",
				);
				PRODUCT_BUNDLE_IDENTIFIER = com.kim.Frip;
				PRODUCT_NAME = "$(TARGET_NAME)";
				SWIFT_VERSION = 5.0;
				TARGETED_DEVICE_FAMILY = "1,2";
			};
			name = Debug;
		};
		3B77720C25A0726200CF2905 /* Release */ = {
			isa = XCBuildConfiguration;
			baseConfigurationReference = 76D72DBCA516049EA41A0AAA /* Pods-Frip.release.xcconfig */;
			buildSettings = {
				ASSETCATALOG_COMPILER_APPICON_NAME = AppIcon;
				ASSETCATALOG_COMPILER_GLOBAL_ACCENT_COLOR_NAME = AccentColor;
				CODE_SIGN_STYLE = Automatic;
				INFOPLIST_FILE = Frip/Info.plist;
				LD_RUNPATH_SEARCH_PATHS = (
					"$(inherited)",
					"@executable_path/Frameworks",
				);
				PRODUCT_BUNDLE_IDENTIFIER = com.kim.Frip;
				PRODUCT_NAME = "$(TARGET_NAME)";
				SWIFT_VERSION = 5.0;
				TARGETED_DEVICE_FAMILY = "1,2";
			};
			name = Release;
		};
/* End XCBuildConfiguration section */

/* Begin XCConfigurationList section */
		3B7771F125A0726000CF2905 /* Build configuration list for PBXProject "Frip" */ = {
			isa = XCConfigurationList;
			buildConfigurations = (
				3B77720825A0726200CF2905 /* Debug */,
				3B77720925A0726200CF2905 /* Release */,
			);
			defaultConfigurationIsVisible = 0;
			defaultConfigurationName = Release;
		};
		3B77720A25A0726200CF2905 /* Build configuration list for PBXNativeTarget "Frip" */ = {
			isa = XCConfigurationList;
			buildConfigurations = (
				3B77720B25A0726200CF2905 /* Debug */,
				3B77720C25A0726200CF2905 /* Release */,
			);
			defaultConfigurationIsVisible = 0;
			defaultConfigurationName = Release;
		};
/* End XCConfigurationList section */
	};
	rootObject = 3B7771EE25A0726000CF2905 /* Project object */;
}
